
Microsoft Visual Studio Solution File, Format Version 12.00
# Visual Studio Version 17
VisualStudioVersion = 17.0.31903.59
MinimumVisualStudioVersion = 10.0.40219.1
Project("{FAE04EC0-301F-11D3-BF4B-00C04F79EFBC}") = "InventoryAPI", "InventoryAPI\InventoryAPI.csproj", "{20E5E053-5BA5-4E6A-8ADA-6F0CECDB1961}"
EndProject
Project("{FAE04EC0-301F-11D3-BF4B-00C04F79EFBC}") = "InventoryApp", "InventoryApp\InventoryApp.csproj", "{E22CA858-72DE-492C-8C99-887300DEB3EC}"
EndProject
Global
	GlobalSection(SolutionConfigurationPlatforms) = preSolution
		Debug|Any CPU = Debug|Any CPU
		Release|Any CPU = Release|Any CPU
	EndGlobalSection
	GlobalSection(SolutionProperties) = preSolution
		HideSolutionNode = FALSE
	EndGlobalSection
	GlobalSection(ProjectConfigurationPlatforms) = postSolution
		{20E5E053-5BA5-4E6A-8ADA-6F0CECDB1961}.Debug|Any CPU.ActiveCfg = Debug|Any CPU
		{20E5E053-5BA5-4E6A-8ADA-6F0CECDB1961}.Debug|Any CPU.Build.0 = Debug|Any CPU
		{20E5E053-5BA5-4E6A-8ADA-6F0CECDB1961}.Release|Any CPU.ActiveCfg = Release|Any CPU
		{20E5E053-5BA5-4E6A-8ADA-6F0CECDB1961}.Release|Any CPU.Build.0 = Release|Any CPU
		{E22CA858-72DE-492C-8C99-887300DEB3EC}.Debug|Any CPU.ActiveCfg = Debug|Any CPU
		{E22CA858-72DE-492C-8C99-887300DEB3EC}.Debug|Any CPU.Build.0 = Debug|Any CPU
		{E22CA858-72DE-492C-8C99-887300DEB3EC}.Release|Any CPU.ActiveCfg = Release|Any CPU
		{E22CA858-72DE-492C-8C99-887300DEB3EC}.Release|Any CPU.Build.0 = Release|Any CPU
	EndGlobalSection
EndGlobal
